<?xml version="1.0" encoding="UTF-8"?>
<Scheme
   LastUpgradeVersion = "1020"
   version = "1.3">
   <BuildAction
      parallelizeBuildables = "YES"
      buildImplicitDependencies = "YES">
      <BuildActionEntries>
         <BuildActionEntry
            buildForTesting = "YES"
            buildForRunning = "YES"
            buildForProfiling = "YES"
            buildForArchiving = "YES"
            buildForAnalyzing = "YES">
            <BuildableReference
               BuildableIdentifier = "primary"
               BlueprintIdentifier = "A66A9CBA22316CF3006602AB"
               BuildableName = "dsdump"
               BlueprintName = "dsdump"
               ReferencedContainer = "container:dsdump.xcodeproj">
            </BuildableReference>
         </BuildActionEntry>
      </BuildActionEntries>
   </BuildAction>
   <TestAction
      buildConfiguration = "Debug"
      selectedDebuggerIdentifier = "Xcode.DebuggerFoundation.Debugger.LLDB"
      selectedLauncherIdentifier = "Xcode.DebuggerFoundation.Launcher.LLDB"
      shouldUseLaunchSchemeArgsEnv = "YES">
      <Testables>
      </Testables>
      <MacroExpansion>
         <BuildableReference
            BuildableIdentifier = "primary"
            BlueprintIdentifier = "A66A9CBA22316CF3006602AB"
            BuildableName = "dsdump"
            BlueprintName = "dsdump"
            ReferencedContainer = "container:dsdump.xcodeproj">
         </BuildableReference>
      </MacroExpansion>
      <AdditionalOptions>
      </AdditionalOptions>
   </TestAction>
   <LaunchAction
      buildConfiguration = "Debug"
      selectedDebuggerIdentifier = "Xcode.DebuggerFoundation.Debugger.LLDB"
      selectedLauncherIdentifier = "Xcode.DebuggerFoundation.Launcher.LLDB"
      debugAsWhichUser = "root"
      launchStyle = "0"
      useCustomWorkingDirectory = "NO"
      ignoresPersistentStateOnLaunch = "NO"
      debugDocumentVersioning = "YES"
      debugServiceExtension = "internal"
      allowLocationSimulation = "YES">
      <BuildableProductRunnable
         runnableDebuggingMode = "0">
         <BuildableReference
            BuildableIdentifier = "primary"
            BlueprintIdentifier = "A66A9CBA22316CF3006602AB"
            BuildableName = "dsdump"
            BlueprintName = "dsdump"
            ReferencedContainer = "container:dsdump.xcodeproj">
         </BuildableReference>
      </BuildableProductRunnable>
      <CommandLineArguments>
         <CommandLineArgument
            argument = "--library /System/Library/PrivateFrameworks/MobileDevice.framework/MobileDevice --arch x86_64"
            isEnabled = "NO">
         </CommandLineArgument>
         <CommandLineArgument
            argument = "/Volumes/YukonSeed17A5492t.J98aJ99aDeveloperOS//Applications/Diagnostics.app/Diagnostics -vvU --swift"
            isEnabled = "NO">
         </CommandLineArgument>
         <CommandLineArgument
            argument = "/Volumes/YukonSeed17A5492t.J98aJ99aDeveloperOS//usr/libexec/remindd --swift -vv"
            isEnabled = "NO">
         </CommandLineArgument>
         <CommandLineArgument
            argument = "/System/Library/Frameworks/CoreFoundation.framework/CoreFoundation  -v --objc"
            isEnabled = "NO">
         </CommandLineArgument>
         <CommandLineArgument
            argument = "/Users/lolgrep/Desktop/SwiftTest.app/SwiftTest --swift -v"
            isEnabled = "NO">
         </CommandLineArgument>
         <CommandLineArgument
            argument = "-v --objc /System/Library/PrivateFrameworks/MobileDevice.framework/MobileDevice  --arch x86_64"
            isEnabled = "NO">
         </CommandLineArgument>
         <CommandLineArgument
            argument = "--swift /tmp/a.out  -vvvvv"
            isEnabled = "NO">
         </CommandLineArgument>
         <CommandLineArgument
            argument = " /System/Library/Kernels/kernel -s csproc_hardened_runtime"
            isEnabled = "NO">
         </CommandLineArgument>
         <CommandLineArgument
            argument = "-A -s _fprintf  /Applications/Xcode.app/Contents/Developer/Platforms/iPhoneOS.platform/Developer/Library/CoreSimulator/Profiles/Runtimes/iOS.simruntime/Contents/Resources/RuntimeRoot/System/Library/PrivateFrameworks/UIKitCore.framework/UIKitCore"
            isEnabled = "NO">
         </CommandLineArgument>
         <CommandLineArgument
            argument = "/tmp/yo --swift -vvv"
            isEnabled = "YES">
         </CommandLineArgument>
         <CommandLineArgument
            argument = "/bin/ls"
            isEnabled = "NO">
         </CommandLineArgument>
         <CommandLineArgument
            argument = "/Users/lolgrep/Desktop/Payload/Twitter.app/Frameworks/TwitterNetworkLayer.framework/TwitterNetworkLayer --swift -U -v"
            isEnabled = "NO">
         </CommandLineArgument>
         <CommandLineArgument
            argument = "/Users/lolgrep/Desktop/Payload/Twitter.app/Frameworks/T1Twitter.framework/T1Twitter  --swift -v"
            isEnabled = "NO">
         </CommandLineArgument>
         <CommandLineArgument
            argument = "-s _strcmp"
            isEnabled = "NO">
         </CommandLineArgument>
         <CommandLineArgument
            argument = "/Users/lolgrep/Desktop/SwiftTest  --swift -v"
            isEnabled = "NO">
         </CommandLineArgument>
         <CommandLineArgument
            argument = "--verbose"
            isEnabled = "NO">
         </CommandLineArgument>
         <CommandLineArgument
            argument = "-a 0x1001461cc"
            isEnabled = "NO">
         </CommandLineArgument>
         <CommandLineArgument
            argument = "  $(TARGET_BUILD_DIR)/dsdump  -vUvv --swift"
            isEnabled = "NO">
         </CommandLineArgument>
         <CommandLineArgument
            argument = "  $(TARGET_BUILD_DIR)/dsdump  -vvUvv --objc"
            isEnabled = "NO">
         </CommandLineArgument>
         <CommandLineArgument
            argument = "/tmp/swifttest -vvvv --swift"
            isEnabled = "NO">
         </CommandLineArgument>
         <CommandLineArgument
            argument = "/Users/lolgrep/Desktop/Payload/Twitter.app/Frameworks/TwitterVectorGraphics.framework/TwitterVectorGraphics --objc "
            isEnabled = "NO">
         </CommandLineArgument>
         <CommandLineArgument
            argument = "/System/Library/Frameworks/CoreFoundation.framework/CoreFoundation --objc -v"
            isEnabled = "NO">
         </CommandLineArgument>
         <CommandLineArgument
            argument = "--objc /Users/lolgrep/Desktop/Payload/Twitter.app/Frameworks/TFSTwitterAPI.framework/TFSTwitterAPI"
            isEnabled = "NO">
         </CommandLineArgument>
         <CommandLineArgument
            argument = "/usr/local/bin/procexp"
            isEnabled = "NO">
         </CommandLineArgument>
         <CommandLineArgument
            argument = "-s dlopen /Users/lolgrep/Desktop/Payload/Twitter.app/Frameworks/TFSUtilities.framework/TFSUtilities"
            isEnabled = "NO">
         </CommandLineArgument>
         <CommandLineArgument
            argument = "/usr/bin/cd"
            isEnabled = "NO">
         </CommandLineArgument>
         <CommandLineArgument
            argument = " --symbol _parseSystemVersionPList /Applications/Xcode.app/Contents/MacOS/Xcode "
            isEnabled = "NO">
         </CommandLineArgument>
         <CommandLineArgument
            argument = "-s _\$S10Foundation9IndexPathV19_bridgeToObjectiveCSo07NSIndexC0CyF ${SRCROOT}/xref/binaries/some_app"
            isEnabled = "NO">
         </CommandLineArgument>
         <CommandLineArgument
            argument = "-o 19177 /bin/ls"
            isEnabled = "NO">
         </CommandLineArgument>
         <CommandLineArgument
            argument = "${SRCROOT}/xref/binaries/some_app"
            isEnabled = "NO">
         </CommandLineArgument>
         <CommandLineArgument
            argument = "-s _xcselect_invoke_xcrun /usr/bin/lldb"
            isEnabled = "NO">
         </CommandLineArgument>
         <CommandLineArgument
            argument = "-s xs"
            isEnabled = "NO">
         </CommandLineArgument>
      </CommandLineArguments>
      <EnvironmentVariables>
         <EnvironmentVariable
            key = "DEBUG=1"
            value = ""
            isEnabled = "NO">
         </EnvironmentVariable>
         <EnvironmentVariable
            key = "DSCOLOR=1"
            value = ""
            isEnabled = "NO">
         </EnvironmentVariable>
         <EnvironmentVariable
            key = "DBG"
            value = ""
            isEnabled = "NO">
         </EnvironmentVariable>
      </EnvironmentVariables>
      <AdditionalOptions>
      </AdditionalOptions>
   </LaunchAction>
   <ProfileAction
      buildConfiguration = "Release"
      shouldUseLaunchSchemeArgsEnv = "YES"
      savedToolIdentifier = ""
      useCustomWorkingDirectory = "NO"
      debugDocumentVersioning = "YES">
      <BuildableProductRunnable
         runnableDebuggingMode = "0">
         <BuildableReference
            BuildableIdentifier = "primary"
            BlueprintIdentifier = "A66A9CBA22316CF3006602AB"
            BuildableName = "dsdump"
            BlueprintName = "dsdump"
            ReferencedContainer = "container:dsdump.xcodeproj">
         </BuildableReference>
      </BuildableProductRunnable>
   </ProfileAction>
   <AnalyzeAction
      buildConfiguration = "Debug">
   </AnalyzeAction>
   <ArchiveAction
      buildConfiguration = "Release"
      revealArchiveInOrganizer = "YES">
   </ArchiveAction>
</Scheme>
