// !$*UTF8*$!
{
	archiveVersion = 1;
	classes = {
	};
	objectVersion = 50;
	objects = {

/* Begin PBXAggregateTarget section */
		3F50D7802315765B0017A20A /* Generate Build */ = {
			isa = PBXAggregateTarget;
			buildConfigurationList = 3F50D7812315765B0017A20A /* Build configuration list for PBXAggregateTarget "Generate Build" */;
			buildPhases = (
				3F50D786231577260017A20A /* Copy to /usr/local/bin */,
				3F50D788231577560017A20A /* Copy to compiled directory in repo */,
				3F50D78B231577C30017A20A /* Generate SHA256 */,
				3F0C91FB245EE4B50038E3AD /* Generate zipped Contents */,
				3F50D78C231577EE0017A20A /* Copy Man Page */,
			);
			dependencies = (
				3FE4FD44231AFF6C00D4B77C /* PBXTargetDependency */,
				3F50D785231576730017A20A /* PBXTargetDependency */,
			);
			name = "Generate Build";
			productName = "Generate README Stuff";
		};
		3FE4FD3F231AFF6300D4B77C /* Generate Manpage */ = {
			isa = PBXAggregateTarget;
			buildConfigurationList = 3FE4FD40231AFF6300D4B77C /* Build configuration list for PBXAggregateTarget "Generate Manpage" */;
			buildPhases = (
				3FE4FD45231AFF7400D4B77C /* ShellScript */,
			);
			dependencies = (
			);
			name = "Generate Manpage";
			productName = "Generate Manpage";
		};
/* End PBXAggregateTarget section */

/* Begin PBXBuildFile section */
		3F009ADA22AF695400EA38D3 /* payload.cpp in Sources */ = {isa = PBXBuildFile; fileRef = 3F009AD822AF695400EA38D3 /* payload.cpp */; };
		3F0C91E5245A82910038E3AD /* Methods.mm in Sources */ = {isa = PBXBuildFile; fileRef = 3F0C91E3245A82910038E3AD /* Methods.mm */; };
		3F0C91F8245A94930038E3AD /* objc-layout.mm in Sources */ = {isa = PBXBuildFile; fileRef = 3F0C91F7245A94930038E3AD /* objc-layout.mm */; };
		3F23C2FE2343DE4500483D1E /* libswiftDemangling.a in Frameworks */ = {isa = PBXBuildFile; fileRef = 3F23C2FD2343DE4500483D1E /* libswiftDemangling.a */; };
		3F29124A22820A99003C2BD7 /* TaskPath.mm in Sources */ = {isa = PBXBuildFile; fileRef = 3F29124822820A99003C2BD7 /* TaskPath.mm */; };
		3F2FF02624593C8A004149B1 /* Properties.mm in Sources */ = {isa = PBXBuildFile; fileRef = 3F2FF02424593C8A004149B1 /* Properties.mm */; };
		3F2FF03A245A7F7C004149B1 /* Protocols.mm in Sources */ = {isa = PBXBuildFile; fileRef = 3F2FF038245A7F7C004149B1 /* Protocols.mm */; };
		3F40275823010DB5007B3C25 /* XRMachOLibrary+Swift.mm in Sources */ = {isa = PBXBuildFile; fileRef = 3F40275723010DB5007B3C25 /* XRMachOLibrary+Swift.mm */; };
		3F480806227A322E0078AE76 /* XRMachOLibrary+FAT.mm in Sources */ = {isa = PBXBuildFile; fileRef = 3F480805227A322E0078AE76 /* XRMachOLibrary+FAT.mm */; };
		3F50D787231577410017A20A /* dsdump in Copy to /usr/local/bin */ = {isa = PBXBuildFile; fileRef = A66A9CBB22316CF3006602AB /* dsdump */; };
		3F50D789231577620017A20A /* dsdump in Copy to compiled directory in repo */ = {isa = PBXBuildFile; fileRef = A66A9CBB22316CF3006602AB /* dsdump */; };
		3F50D78E23160E730017A20A /* dsdump.1 in Copy Man Page */ = {isa = PBXBuildFile; fileRef = 3F50D78D23160E630017A20A /* dsdump.1 */; };
		3F5F41AB226EA3A800D3DCB1 /* XRMachOLibrary+SymbolDumper.m in Sources */ = {isa = PBXBuildFile; fileRef = 3F5F41AA226EA3A800D3DCB1 /* XRMachOLibrary+SymbolDumper.m */; };
		3F5F41B1226EC1FC00D3DCB1 /* XRBindSymbol.m in Sources */ = {isa = PBXBuildFile; fileRef = 3F5F41B0226EC1FC00D3DCB1 /* XRBindSymbol.m */; };
		3F7C9AB12295BBD50070F2B1 /* XRSymbolEntry.m in Sources */ = {isa = PBXBuildFile; fileRef = 3F7C9AB02295BBD50070F2B1 /* XRSymbolEntry.m */; };
		3F98C3B3225F06E900606F97 /* XRMachOLibrary+FileManagement.m in Sources */ = {isa = PBXBuildFile; fileRef = 3F98C3B2225F06E900606F97 /* XRMachOLibrary+FileManagement.m */; };
		3FD99905233E90FE0072F4A0 /* libcapstone.a in Frameworks */ = {isa = PBXBuildFile; fileRef = 3FD998E3233E90B90072F4A0 /* libcapstone.a */; };
		3FD99918233E9D3F0072F4A0 /* XRMachOLibrary+Disassemble.mm in Sources */ = {isa = PBXBuildFile; fileRef = 3FD99917233E9D3F0072F4A0 /* XRMachOLibrary+Disassemble.mm */; };
		3FE4FD48231B3BC600D4B77C /* manpage.c in Sources */ = {isa = PBXBuildFile; fileRef = 3FE4FD46231B002400D4B77C /* manpage.c */; };
		3FEAB9D8226D0C0E00ED706A /* XRMachOLibrary+Opcode.mm in Sources */ = {isa = PBXBuildFile; fileRef = 3FEAB9D7226D0C0E00ED706A /* XRMachOLibrary+Opcode.mm */; };
		3FEBCB60227C98D200D3AD07 /* DSXRLibrary+PID_Info.m in Sources */ = {isa = PBXBuildFile; fileRef = 3FEBCB5F227C98D200D3AD07 /* DSXRLibrary+PID_Info.m */; };
		3FF9AE0822777A9500F71FA5 /* XRMachOLibrary+ObjectiveC.mm in Sources */ = {isa = PBXBuildFile; fileRef = 3FF9AE0722777A9500F71FA5 /* XRMachOLibrary+ObjectiveC.mm */; };
		A66A9CBF22316CF3006602AB /* main.m in Sources */ = {isa = PBXBuildFile; fileRef = A66A9CBE22316CF3006602AB /* main.m */; };
		A66A9CC922316D7F006602AB /* miscellaneous.mm in Sources */ = {isa = PBXBuildFile; fileRef = A66A9CC822316D7F006602AB /* miscellaneous.mm */; };
		A66A9CCC22316EA5006602AB /* XRMachOLibrary.mm in Sources */ = {isa = PBXBuildFile; fileRef = A66A9CCB22316EA5006602AB /* XRMachOLibrary.mm */; };
/* End PBXBuildFile section */

/* Begin PBXContainerItemProxy section */
		3F50D784231576730017A20A /* PBXContainerItemProxy */ = {
			isa = PBXContainerItemProxy;
			containerPortal = A66A9CB322316CF3006602AB /* Project object */;
			proxyType = 1;
			remoteGlobalIDString = A66A9CBA22316CF3006602AB;
			remoteInfo = dsdump;
		};
		3FD998E2233E90B90072F4A0 /* PBXContainerItemProxy */ = {
			isa = PBXContainerItemProxy;
			containerPortal = 3FD998CE233E90B90072F4A0 /* Capstone.xcodeproj */;
			proxyType = 2;
			remoteGlobalIDString = DCFE23BD19DDCC2D00EF8EA9;
			remoteInfo = CapstoneStatic;
		};
		3FD998E4233E90B90072F4A0 /* PBXContainerItemProxy */ = {
			isa = PBXContainerItemProxy;
			containerPortal = 3FD998CE233E90B90072F4A0 /* Capstone.xcodeproj */;
			proxyType = 2;
			remoteGlobalIDString = DCFE23CD19DDCC9500EF8EA9;
			remoteInfo = CapstoneDynamic;
		};
		3FD998E6233E90B90072F4A0 /* PBXContainerItemProxy */ = {
			isa = PBXContainerItemProxy;
			containerPortal = 3FD998CE233E90B90072F4A0 /* Capstone.xcodeproj */;
			proxyType = 2;
			remoteGlobalIDString = DC474F6819DE6F3B00BCA449;
			remoteInfo = CapstoneFramework;
		};
		3FD998E8233E90B90072F4A0 /* PBXContainerItemProxy */ = {
			isa = PBXContainerItemProxy;
			containerPortal = 3FD998CE233E90B90072F4A0 /* Capstone.xcodeproj */;
			proxyType = 2;
			remoteGlobalIDString = DC474E6419DDEA5F00BCA449;
			remoteInfo = test_basic;
		};
		3FD998EA233E90B90072F4A0 /* PBXContainerItemProxy */ = {
			isa = PBXContainerItemProxy;
			containerPortal = 3FD998CE233E90B90072F4A0 /* Capstone.xcodeproj */;
			proxyType = 2;
			remoteGlobalIDString = DC474E8619DDEAA200BCA449;
			remoteInfo = test_arm;
		};
		3FD998EC233E90B90072F4A0 /* PBXContainerItemProxy */ = {
			isa = PBXContainerItemProxy;
			containerPortal = 3FD998CE233E90B90072F4A0 /* Capstone.xcodeproj */;
			proxyType = 2;
			remoteGlobalIDString = DC474EEA19DDEAE400BCA449;
			remoteInfo = test_arm64;
		};
		3FD998EE233E90B90072F4A0 /* PBXContainerItemProxy */ = {
			isa = PBXContainerItemProxy;
			containerPortal = 3FD998CE233E90B90072F4A0 /* Capstone.xcodeproj */;
			proxyType = 2;
			remoteGlobalIDString = DC3A28DB1AF29BEB00FC9913;
			remoteInfo = test_customized_mnem;
		};
		3FD998F0233E90B90072F4A0 /* PBXContainerItemProxy */ = {
			isa = PBXContainerItemProxy;
			containerPortal = 3FD998CE233E90B90072F4A0 /* Capstone.xcodeproj */;
			proxyType = 2;
			remoteGlobalIDString = DC474E9119DDEAA700BCA449;
			remoteInfo = test_detail;
		};
		3FD998F2233E90B90072F4A0 /* PBXContainerItemProxy */ = {
			isa = PBXContainerItemProxy;
			containerPortal = 3FD998CE233E90B90072F4A0 /* Capstone.xcodeproj */;
			proxyType = 2;
			remoteGlobalIDString = DC5BFF4019EE544E008CA585;
			remoteInfo = test_iter;
		};
		3FD998F4233E90B90072F4A0 /* PBXContainerItemProxy */ = {
			isa = PBXContainerItemProxy;
			containerPortal = 3FD998CE233E90B90072F4A0 /* Capstone.xcodeproj */;
			proxyType = 2;
			remoteGlobalIDString = DCA357961BC2C0930094BB3F;
			remoteInfo = test_m68k;
		};
		3FD998F6233E90B90072F4A0 /* PBXContainerItemProxy */ = {
			isa = PBXContainerItemProxy;
			containerPortal = 3FD998CE233E90B90072F4A0 /* Capstone.xcodeproj */;
			proxyType = 2;
			remoteGlobalIDString = DC474E9C19DDEAAC00BCA449;
			remoteInfo = test_mips;
		};
		3FD998F8233E90B90072F4A0 /* PBXContainerItemProxy */ = {
			isa = PBXContainerItemProxy;
			containerPortal = 3FD998CE233E90B90072F4A0 /* Capstone.xcodeproj */;
			proxyType = 2;
			remoteGlobalIDString = DC474EA719DDEAB000BCA449;
			remoteInfo = test_ppc;
		};
		3FD998FA233E90B90072F4A0 /* PBXContainerItemProxy */ = {
			isa = PBXContainerItemProxy;
			containerPortal = 3FD998CE233E90B90072F4A0 /* Capstone.xcodeproj */;
			proxyType = 2;
			remoteGlobalIDString = DC474EB219DDEAB700BCA449;
			remoteInfo = test_skipdata;
		};
		3FD998FC233E90B90072F4A0 /* PBXContainerItemProxy */ = {
			isa = PBXContainerItemProxy;
			containerPortal = 3FD998CE233E90B90072F4A0 /* Capstone.xcodeproj */;
			proxyType = 2;
			remoteGlobalIDString = DC474EBD19DDEABC00BCA449;
			remoteInfo = test_sparc;
		};
		3FD998FE233E90B90072F4A0 /* PBXContainerItemProxy */ = {
			isa = PBXContainerItemProxy;
			containerPortal = 3FD998CE233E90B90072F4A0 /* Capstone.xcodeproj */;
			proxyType = 2;
			remoteGlobalIDString = DC474EC819DDEAC100BCA449;
			remoteInfo = test_systemz;
		};
		3FD99900233E90B90072F4A0 /* PBXContainerItemProxy */ = {
			isa = PBXContainerItemProxy;
			containerPortal = 3FD998CE233E90B90072F4A0 /* Capstone.xcodeproj */;
			proxyType = 2;
			remoteGlobalIDString = DC474ED319DDEAC600BCA449;
			remoteInfo = test_x86;
		};
		3FD99902233E90B90072F4A0 /* PBXContainerItemProxy */ = {
			isa = PBXContainerItemProxy;
			containerPortal = 3FD998CE233E90B90072F4A0 /* Capstone.xcodeproj */;
			proxyType = 2;
			remoteGlobalIDString = DC474EDE19DDEACC00BCA449;
			remoteInfo = test_xcore;
		};
		3FE4FD43231AFF6C00D4B77C /* PBXContainerItemProxy */ = {
			isa = PBXContainerItemProxy;
			containerPortal = A66A9CB322316CF3006602AB /* Project object */;
			proxyType = 1;
			remoteGlobalIDString = 3FE4FD3F231AFF6300D4B77C;
			remoteInfo = "Generate Manpage";
		};
/* End PBXContainerItemProxy section */

/* Begin PBXCopyFilesBuildPhase section */
		3F50D786231577260017A20A /* Copy to /usr/local/bin */ = {
			isa = PBXCopyFilesBuildPhase;
			buildActionMask = 2147483647;
			dstPath = /usr/local/bin;
			dstSubfolderSpec = 0;
			files = (
				3F50D787231577410017A20A /* dsdump in Copy to /usr/local/bin */,
			);
			name = "Copy to /usr/local/bin";
			runOnlyForDeploymentPostprocessing = 0;
		};
		3F50D788231577560017A20A /* Copy to compiled directory in repo */ = {
			isa = PBXCopyFilesBuildPhase;
			buildActionMask = 2147483647;
			dstPath = "$(SRCROOT)/compiled";
			dstSubfolderSpec = 0;
			files = (
				3F50D789231577620017A20A /* dsdump in Copy to compiled directory in repo */,
			);
			name = "Copy to compiled directory in repo";
			runOnlyForDeploymentPostprocessing = 0;
		};
		3F50D78C231577EE0017A20A /* Copy Man Page */ = {
			isa = PBXCopyFilesBuildPhase;
			buildActionMask = 12;
			dstPath = /usr/local/share/man/man1;
			dstSubfolderSpec = 0;
			files = (
				3F50D78E23160E730017A20A /* dsdump.1 in Copy Man Page */,
			);
			name = "Copy Man Page";
			runOnlyForDeploymentPostprocessing = 0;
		};
/* End PBXCopyFilesBuildPhase section */

/* Begin PBXFileReference section */
		3F009AD822AF695400EA38D3 /* payload.cpp */ = {isa = PBXFileReference; lastKnownFileType = sourcecode.cpp.cpp; path = payload.cpp; sourceTree = "<group>"; };
		3F009AD922AF695400EA38D3 /* payload.hpp */ = {isa = PBXFileReference; lastKnownFileType = sourcecode.cpp.h; path = payload.hpp; sourceTree = "<group>"; };
		3F0C91E3245A82910038E3AD /* Methods.mm */ = {isa = PBXFileReference; lastKnownFileType = sourcecode.cpp.objcpp; path = Methods.mm; sourceTree = "<group>"; };
		3F0C91E4245A82910038E3AD /* Methods.h */ = {isa = PBXFileReference; lastKnownFileType = sourcecode.c.h; path = Methods.h; sourceTree = "<group>"; };
		3F0C91F7245A94930038E3AD /* objc-layout.mm */ = {isa = PBXFileReference; fileEncoding = 4; lastKnownFileType = sourcecode.cpp.objcpp; path = "objc-layout.mm"; sourceTree = "<group>"; };
		3F0C91FA245BF1A20038E3AD /* objc-layout.h */ = {isa = PBXFileReference; lastKnownFileType = sourcecode.c.h; path = "objc-layout.h"; sourceTree = "<group>"; };
		3F0EBF3E23334F8F0083FE2B /* TestSwift.swift */ = {isa = PBXFileReference; fileEncoding = 4; lastKnownFileType = sourcecode.swift; path = TestSwift.swift; sourceTree = "<group>"; };
		3F20316422A78BA000014502 /* XRMachOLibraryCplusHelpers.h */ = {isa = PBXFileReference; lastKnownFileType = sourcecode.c.h; path = XRMachOLibraryCplusHelpers.h; sourceTree = "<group>"; };
		3F23C2FD2343DE4500483D1E /* libswiftDemangling.a */ = {isa = PBXFileReference; lastKnownFileType = archive.ar; path = libswiftDemangling.a; sourceTree = "<group>"; };
		3F291247228207C7003C2BD7 /* dyld_process_info_internal.h */ = {isa = PBXFileReference; lastKnownFileType = sourcecode.c.h; path = dyld_process_info_internal.h; sourceTree = "<group>"; };
		3F29124822820A99003C2BD7 /* TaskPath.mm */ = {isa = PBXFileReference; lastKnownFileType = sourcecode.cpp.objcpp; path = TaskPath.mm; sourceTree = "<group>"; };
		3F29124922820A99003C2BD7 /* TaskPath.h */ = {isa = PBXFileReference; lastKnownFileType = sourcecode.c.h; path = TaskPath.h; sourceTree = "<group>"; };
		3F2912782289B476003C2BD7 /* objc_.h */ = {isa = PBXFileReference; lastKnownFileType = sourcecode.c.h; path = objc_.h; sourceTree = "<group>"; };
		3F2FF02424593C8A004149B1 /* Properties.mm */ = {isa = PBXFileReference; lastKnownFileType = sourcecode.cpp.objcpp; path = Properties.mm; sourceTree = "<group>"; };
		3F2FF02524593C8A004149B1 /* Properties.h */ = {isa = PBXFileReference; lastKnownFileType = sourcecode.c.h; path = Properties.h; sourceTree = "<group>"; };
		3F2FF038245A7F7C004149B1 /* Protocols.mm */ = {isa = PBXFileReference; lastKnownFileType = sourcecode.cpp.objcpp; path = Protocols.mm; sourceTree = "<group>"; };
		3F2FF039245A7F7C004149B1 /* Protocols.h */ = {isa = PBXFileReference; lastKnownFileType = sourcecode.c.h; path = Protocols.h; sourceTree = "<group>"; };
		3F40275623010DB5007B3C25 /* XRMachOLibrary+Swift.h */ = {isa = PBXFileReference; fileEncoding = 4; lastKnownFileType = sourcecode.c.h; path = "XRMachOLibrary+Swift.h"; sourceTree = "<group>"; };
		3F40275723010DB5007B3C25 /* XRMachOLibrary+Swift.mm */ = {isa = PBXFileReference; fileEncoding = 4; lastKnownFileType = sourcecode.cpp.objcpp; path = "XRMachOLibrary+Swift.mm"; sourceTree = "<group>"; };
		3F40275B23012C6F007B3C25 /* objc-runtime-new.h */ = {isa = PBXFileReference; lastKnownFileType = sourcecode.c.h; path = "objc-runtime-new.h"; sourceTree = "<group>"; };
		3F480804227A322E0078AE76 /* XRMachOLibrary+FAT.h */ = {isa = PBXFileReference; lastKnownFileType = sourcecode.c.h; path = "XRMachOLibrary+FAT.h"; sourceTree = "<group>"; };
		3F480805227A322E0078AE76 /* XRMachOLibrary+FAT.mm */ = {isa = PBXFileReference; lastKnownFileType = sourcecode.cpp.objcpp; path = "XRMachOLibrary+FAT.mm"; sourceTree = "<group>"; };
		3F50D78D23160E630017A20A /* dsdump.1 */ = {isa = PBXFileReference; fileEncoding = 4; lastKnownFileType = text.man; path = dsdump.1; sourceTree = "<group>"; };
		3F5F41A9226EA3A800D3DCB1 /* XRMachOLibrary+SymbolDumper.h */ = {isa = PBXFileReference; lastKnownFileType = sourcecode.c.h; path = "XRMachOLibrary+SymbolDumper.h"; sourceTree = "<group>"; };
		3F5F41AA226EA3A800D3DCB1 /* XRMachOLibrary+SymbolDumper.m */ = {isa = PBXFileReference; lastKnownFileType = sourcecode.c.objc; path = "XRMachOLibrary+SymbolDumper.m"; sourceTree = "<group>"; };
		3F5F41AF226EC1FC00D3DCB1 /* XRBindSymbol.h */ = {isa = PBXFileReference; lastKnownFileType = sourcecode.c.h; path = XRBindSymbol.h; sourceTree = "<group>"; };
		3F5F41B0226EC1FC00D3DCB1 /* XRBindSymbol.m */ = {isa = PBXFileReference; lastKnownFileType = sourcecode.c.objc; path = XRBindSymbol.m; sourceTree = "<group>"; };
		3F7C9AAF2295BBD50070F2B1 /* XRSymbolEntry.h */ = {isa = PBXFileReference; lastKnownFileType = sourcecode.c.h; path = XRSymbolEntry.h; sourceTree = "<group>"; };
		3F7C9AB02295BBD50070F2B1 /* XRSymbolEntry.m */ = {isa = PBXFileReference; lastKnownFileType = sourcecode.c.objc; path = XRSymbolEntry.m; sourceTree = "<group>"; };
		3F98C3B2225F06E900606F97 /* XRMachOLibrary+FileManagement.m */ = {isa = PBXFileReference; lastKnownFileType = sourcecode.c.objc; path = "XRMachOLibrary+FileManagement.m"; sourceTree = "<group>"; };
		3FD998CE233E90B90072F4A0 /* Capstone.xcodeproj */ = {isa = PBXFileReference; lastKnownFileType = "wrapper.pb-project"; name = Capstone.xcodeproj; path = capstone/xcode/Capstone.xcodeproj; sourceTree = "<group>"; };
		3FD99907233E9C140072F4A0 /* capstone.h */ = {isa = PBXFileReference; fileEncoding = 4; lastKnownFileType = sourcecode.c.h; path = capstone.h; sourceTree = "<group>"; };
		3FD99908233E9C140072F4A0 /* mips.h */ = {isa = PBXFileReference; fileEncoding = 4; lastKnownFileType = sourcecode.c.h; path = mips.h; sourceTree = "<group>"; };
		3FD99909233E9C140072F4A0 /* sparc.h */ = {isa = PBXFileReference; fileEncoding = 4; lastKnownFileType = sourcecode.c.h; path = sparc.h; sourceTree = "<group>"; };
		3FD9990A233E9C140072F4A0 /* systemz.h */ = {isa = PBXFileReference; fileEncoding = 4; lastKnownFileType = sourcecode.c.h; path = systemz.h; sourceTree = "<group>"; };
		3FD9990B233E9C140072F4A0 /* m68k.h */ = {isa = PBXFileReference; fileEncoding = 4; lastKnownFileType = sourcecode.c.h; path = m68k.h; sourceTree = "<group>"; };
		3FD9990C233E9C140072F4A0 /* arm.h */ = {isa = PBXFileReference; fileEncoding = 4; lastKnownFileType = sourcecode.c.h; path = arm.h; sourceTree = "<group>"; };
		3FD9990D233E9C140072F4A0 /* mos65xx.h */ = {isa = PBXFileReference; fileEncoding = 4; lastKnownFileType = sourcecode.c.h; path = mos65xx.h; sourceTree = "<group>"; };
		3FD9990E233E9C140072F4A0 /* evm.h */ = {isa = PBXFileReference; fileEncoding = 4; lastKnownFileType = sourcecode.c.h; path = evm.h; sourceTree = "<group>"; };
		3FD9990F233E9C140072F4A0 /* x86.h */ = {isa = PBXFileReference; fileEncoding = 4; lastKnownFileType = sourcecode.c.h; path = x86.h; sourceTree = "<group>"; };
		3FD99910233E9C140072F4A0 /* ppc.h */ = {isa = PBXFileReference; fileEncoding = 4; lastKnownFileType = sourcecode.c.h; path = ppc.h; sourceTree = "<group>"; };
		3FD99911233E9C140072F4A0 /* arm64.h */ = {isa = PBXFileReference; fileEncoding = 4; lastKnownFileType = sourcecode.c.h; path = arm64.h; sourceTree = "<group>"; };
		3FD99912233E9C140072F4A0 /* xcore.h */ = {isa = PBXFileReference; fileEncoding = 4; lastKnownFileType = sourcecode.c.h; path = xcore.h; sourceTree = "<group>"; };
		3FD99913233E9C140072F4A0 /* m680x.h */ = {isa = PBXFileReference; fileEncoding = 4; lastKnownFileType = sourcecode.c.h; path = m680x.h; sourceTree = "<group>"; };
		3FD99914233E9C140072F4A0 /* platform.h */ = {isa = PBXFileReference; fileEncoding = 4; lastKnownFileType = sourcecode.c.h; path = platform.h; sourceTree = "<group>"; };
		3FD99915233E9C140072F4A0 /* tms320c64x.h */ = {isa = PBXFileReference; fileEncoding = 4; lastKnownFileType = sourcecode.c.h; path = tms320c64x.h; sourceTree = "<group>"; };
		3FD99916233E9D3F0072F4A0 /* XRMachOLibrary+Disassemble.h */ = {isa = PBXFileReference; lastKnownFileType = sourcecode.c.h; path = "XRMachOLibrary+Disassemble.h"; sourceTree = "<group>"; };
		3FD99917233E9D3F0072F4A0 /* XRMachOLibrary+Disassemble.mm */ = {isa = PBXFileReference; lastKnownFileType = sourcecode.cpp.objcpp; path = "XRMachOLibrary+Disassemble.mm"; sourceTree = "<group>"; };
		3FE4FD46231B002400D4B77C /* manpage.c */ = {isa = PBXFileReference; fileEncoding = 4; lastKnownFileType = sourcecode.c.c; path = manpage.c; sourceTree = "<group>"; };
		3FEAB9D6226D0C0E00ED706A /* XRMachOLibrary+Opcode.h */ = {isa = PBXFileReference; lastKnownFileType = sourcecode.c.h; path = "XRMachOLibrary+Opcode.h"; sourceTree = "<group>"; };
		3FEAB9D7226D0C0E00ED706A /* XRMachOLibrary+Opcode.mm */ = {isa = PBXFileReference; lastKnownFileType = sourcecode.cpp.objcpp; path = "XRMachOLibrary+Opcode.mm"; sourceTree = "<group>"; };
		3FEBCB5E227C98D200D3AD07 /* XRMachOLibrary+PID_Info.h */ = {isa = PBXFileReference; lastKnownFileType = sourcecode.c.h; path = "XRMachOLibrary+PID_Info.h"; sourceTree = "<group>"; };
		3FEBCB5F227C98D200D3AD07 /* DSXRLibrary+PID_Info.m */ = {isa = PBXFileReference; lastKnownFileType = sourcecode.c.objc; path = "DSXRLibrary+PID_Info.m"; sourceTree = "<group>"; };
		3FF9AE0622777A9500F71FA5 /* XRMachOLibrary+ObjectiveC.h */ = {isa = PBXFileReference; lastKnownFileType = sourcecode.c.h; path = "XRMachOLibrary+ObjectiveC.h"; sourceTree = "<group>"; };
		3FF9AE0722777A9500F71FA5 /* XRMachOLibrary+ObjectiveC.mm */ = {isa = PBXFileReference; lastKnownFileType = sourcecode.cpp.objcpp; path = "XRMachOLibrary+ObjectiveC.mm"; sourceTree = "<group>"; };
		A66A9CBB22316CF3006602AB /* dsdump */ = {isa = PBXFileReference; explicitFileType = "compiled.mach-o.executable"; includeInIndex = 0; path = dsdump; sourceTree = BUILT_PRODUCTS_DIR; };
		A66A9CBE22316CF3006602AB /* main.m */ = {isa = PBXFileReference; lastKnownFileType = sourcecode.c.objc; path = main.m; sourceTree = "<group>"; };
		A66A9CC722316D7F006602AB /* miscellaneous.h */ = {isa = PBXFileReference; explicitFileType = sourcecode.cpp.h; path = miscellaneous.h; sourceTree = "<group>"; };
		A66A9CC822316D7F006602AB /* miscellaneous.mm */ = {isa = PBXFileReference; lastKnownFileType = sourcecode.cpp.objcpp; path = miscellaneous.mm; sourceTree = "<group>"; };
		A66A9CCA22316EA5006602AB /* XRMachOLibrary.h */ = {isa = PBXFileReference; lastKnownFileType = sourcecode.c.h; path = XRMachOLibrary.h; sourceTree = "<group>"; };
		A66A9CCB22316EA5006602AB /* XRMachOLibrary.mm */ = {isa = PBXFileReference; lastKnownFileType = sourcecode.cpp.objcpp; path = XRMachOLibrary.mm; sourceTree = "<group>"; };
/* End PBXFileReference section */

/* Begin PBXFrameworksBuildPhase section */
		A66A9CB822316CF3006602AB /* Frameworks */ = {
			isa = PBXFrameworksBuildPhase;
			buildActionMask = 2147483647;
			files = (
				3FD99905233E90FE0072F4A0 /* libcapstone.a in Frameworks */,
				3F23C2FE2343DE4500483D1E /* libswiftDemangling.a in Frameworks */,
			);
			runOnlyForDeploymentPostprocessing = 0;
		};
/* End PBXFrameworksBuildPhase section */

/* Begin PBXGroup section */
		3F0C91F9245A94980038E3AD /* Ripped off */ = {
			isa = PBXGroup;
			children = (
				3F0C91F7245A94930038E3AD /* objc-layout.mm */,
				3F0C91FA245BF1A20038E3AD /* objc-layout.h */,
				3F2912782289B476003C2BD7 /* objc_.h */,
			);
			path = "Ripped off";
			sourceTree = "<group>";
		};
		3F3D70CD229B65F900307FD3 /* Bind Symbols */ = {
			isa = PBXGroup;
			children = (
				3F5F41AF226EC1FC00D3DCB1 /* XRBindSymbol.h */,
				3F5F41B0226EC1FC00D3DCB1 /* XRBindSymbol.m */,
				3FEAB9D6226D0C0E00ED706A /* XRMachOLibrary+Opcode.h */,
				3FEAB9D7226D0C0E00ED706A /* XRMachOLibrary+Opcode.mm */,
			);
			path = "Bind Symbols";
			sourceTree = "<group>";
		};
		3F3D70CE229B666400307FD3 /* FAT */ = {
			isa = PBXGroup;
			children = (
				3F480804227A322E0078AE76 /* XRMachOLibrary+FAT.h */,
				3F480805227A322E0078AE76 /* XRMachOLibrary+FAT.mm */,
			);
			path = FAT;
			sourceTree = "<group>";
		};
		3FD998CF233E90B90072F4A0 /* Products */ = {
			isa = PBXGroup;
			children = (
				3FD998E3233E90B90072F4A0 /* libcapstone.a */,
				3FD998E5233E90B90072F4A0 /* libcapstone.dylib */,
				3FD998E7233E90B90072F4A0 /* Capstone.framework */,
				3FD998E9233E90B90072F4A0 /* test */,
				3FD998EB233E90B90072F4A0 /* test_arm */,
				3FD998ED233E90B90072F4A0 /* test_arm64 */,
				3FD998EF233E90B90072F4A0 /* test_customized_mnem */,
				3FD998F1233E90B90072F4A0 /* test_detail */,
				3FD998F3233E90B90072F4A0 /* test_iter */,
				3FD998F5233E90B90072F4A0 /* test_m68k */,
				3FD998F7233E90B90072F4A0 /* test_mips */,
				3FD998F9233E90B90072F4A0 /* test_ppc */,
				3FD998FB233E90B90072F4A0 /* test_skipdata */,
				3FD998FD233E90B90072F4A0 /* test_sparc */,
				3FD998FF233E90B90072F4A0 /* test_systemz */,
				3FD99901233E90B90072F4A0 /* test_x86 */,
				3FD99903233E90B90072F4A0 /* test_xcore */,
			);
			name = Products;
			sourceTree = "<group>";
		};
		3FD99904233E90FE0072F4A0 /* Frameworks */ = {
			isa = PBXGroup;
			children = (
			);
			name = Frameworks;
			sourceTree = "<group>";
		};
		3FD99906233E9C140072F4A0 /* capstone */ = {
			isa = PBXGroup;
			children = (
				3FD99907233E9C140072F4A0 /* capstone.h */,
				3FD99908233E9C140072F4A0 /* mips.h */,
				3FD99909233E9C140072F4A0 /* sparc.h */,
				3FD9990A233E9C140072F4A0 /* systemz.h */,
				3FD9990B233E9C140072F4A0 /* m68k.h */,
				3FD9990C233E9C140072F4A0 /* arm.h */,
				3FD9990D233E9C140072F4A0 /* mos65xx.h */,
				3FD9990E233E9C140072F4A0 /* evm.h */,
				3FD9990F233E9C140072F4A0 /* x86.h */,
				3FD99910233E9C140072F4A0 /* ppc.h */,
				3FD99911233E9C140072F4A0 /* arm64.h */,
				3FD99912233E9C140072F4A0 /* xcore.h */,
				3FD99913233E9C140072F4A0 /* m680x.h */,
				3FD99914233E9C140072F4A0 /* platform.h */,
				3FD99915233E9C140072F4A0 /* tms320c64x.h */,
			);
			name = capstone;
			path = capstone/include/capstone;
			sourceTree = "<group>";
		};
		A66A9CB222316CF3006602AB = {
			isa = PBXGroup;
			children = (
				3FD99906233E9C140072F4A0 /* capstone */,
				A66A9CBD22316CF3006602AB /* dsdump */,
				3FD998CE233E90B90072F4A0 /* Capstone.xcodeproj */,
				A66A9CBC22316CF3006602AB /* Products */,
				3FD99904233E90FE0072F4A0 /* Frameworks */,
			);
			sourceTree = "<group>";
			usesTabs = 0;
		};
		A66A9CBC22316CF3006602AB /* Products */ = {
			isa = PBXGroup;
			children = (
				A66A9CBB22316CF3006602AB /* dsdump */,
			);
			name = Products;
			sourceTree = "<group>";
		};
		A66A9CBD22316CF3006602AB /* dsdump */ = {
			isa = PBXGroup;
			children = (
				3F23C2FD2343DE4500483D1E /* libswiftDemangling.a */,
				3FE4FD46231B002400D4B77C /* manpage.c */,
				3F50D78D23160E630017A20A /* dsdump.1 */,
				A66A9CBE22316CF3006602AB /* main.m */,
				3F3D70CD229B65F900307FD3 /* Bind Symbols */,
				3F3D70CE229B666400307FD3 /* FAT */,
				3F7C9AAF2295BBD50070F2B1 /* XRSymbolEntry.h */,
				3F7C9AB02295BBD50070F2B1 /* XRSymbolEntry.m */,
				A66A9CCA22316EA5006602AB /* XRMachOLibrary.h */,
				3F40275623010DB5007B3C25 /* XRMachOLibrary+Swift.h */,
				3F40275723010DB5007B3C25 /* XRMachOLibrary+Swift.mm */,
				3FD99916233E9D3F0072F4A0 /* XRMachOLibrary+Disassemble.h */,
				3FD99917233E9D3F0072F4A0 /* XRMachOLibrary+Disassemble.mm */,
				3F20316422A78BA000014502 /* XRMachOLibraryCplusHelpers.h */,
				A66A9CCB22316EA5006602AB /* XRMachOLibrary.mm */,
				3F2FF038245A7F7C004149B1 /* Protocols.mm */,
				3F2FF039245A7F7C004149B1 /* Protocols.h */,
				3F0C91E3245A82910038E3AD /* Methods.mm */,
				3F0C91E4245A82910038E3AD /* Methods.h */,
				3F2FF02424593C8A004149B1 /* Properties.mm */,
				3F2FF02524593C8A004149B1 /* Properties.h */,
				3FF9AE0622777A9500F71FA5 /* XRMachOLibrary+ObjectiveC.h */,
				3FF9AE0722777A9500F71FA5 /* XRMachOLibrary+ObjectiveC.mm */,
				3F40275B23012C6F007B3C25 /* objc-runtime-new.h */,
				3F009AD822AF695400EA38D3 /* payload.cpp */,
				3F009AD922AF695400EA38D3 /* payload.hpp */,
				3F0C91F9245A94980038E3AD /* Ripped off */,
				3F98C3B2225F06E900606F97 /* XRMachOLibrary+FileManagement.m */,
				3F5F41A9226EA3A800D3DCB1 /* XRMachOLibrary+SymbolDumper.h */,
				3F5F41AA226EA3A800D3DCB1 /* XRMachOLibrary+SymbolDumper.m */,
				3FEBCB5E227C98D200D3AD07 /* XRMachOLibrary+PID_Info.h */,
				3F291247228207C7003C2BD7 /* dyld_process_info_internal.h */,
				3FEBCB5F227C98D200D3AD07 /* DSXRLibrary+PID_Info.m */,
				3F29124822820A99003C2BD7 /* TaskPath.mm */,
				3F29124922820A99003C2BD7 /* TaskPath.h */,
				A66A9CC722316D7F006602AB /* miscellaneous.h */,
				A66A9CC822316D7F006602AB /* miscellaneous.mm */,
				3F0EBF3E23334F8F0083FE2B /* TestSwift.swift */,
			);
			path = dsdump;
			sourceTree = "<group>";
		};
/* End PBXGroup section */

/* Begin PBXNativeTarget section */
		A66A9CBA22316CF3006602AB /* dsdump */ = {
			isa = PBXNativeTarget;
			buildConfigurationList = A66A9CC222316CF3006602AB /* Build configuration list for PBXNativeTarget "dsdump" */;
			buildPhases = (
				A66A9CB722316CF3006602AB /* Sources */,
				A66A9CB822316CF3006602AB /* Frameworks */,
			);
			buildRules = (
			);
			dependencies = (
			);
			name = dsdump;
			productName = xref;
			productReference = A66A9CBB22316CF3006602AB /* dsdump */;
			productType = "com.apple.product-type.tool";
		};
/* End PBXNativeTarget section */

/* Begin PBXProject section */
		A66A9CB322316CF3006602AB /* Project object */ = {
			isa = PBXProject;
			attributes = {
				LastUpgradeCheck = 1100;
				ORGANIZATIONNAME = Selander;
				TargetAttributes = {
					3F50D7802315765B0017A20A = {
						CreatedOnToolsVersion = 10.2;
					};
					3FE4FD3F231AFF6300D4B77C = {
						CreatedOnToolsVersion = 10.2;
					};
					A66A9CBA22316CF3006602AB = {
						CreatedOnToolsVersion = 10.1;
						LastSwiftMigration = 1100;
					};
				};
			};
			buildConfigurationList = A66A9CB622316CF3006602AB /* Build configuration list for PBXProject "dsdump" */;
			compatibilityVersion = "Xcode 9.3";
			developmentRegion = en;
			hasScannedForEncodings = 0;
			knownRegions = (
				en,
				Base,
			);
			mainGroup = A66A9CB222316CF3006602AB;
			productRefGroup = A66A9CBC22316CF3006602AB /* Products */;
			projectDirPath = "";
			projectReferences = (
				{
					ProductGroup = 3FD998CF233E90B90072F4A0 /* Products */;
					ProjectRef = 3FD998CE233E90B90072F4A0 /* Capstone.xcodeproj */;
				},
			);
			projectRoot = "";
			targets = (
				A66A9CBA22316CF3006602AB /* dsdump */,
				3F50D7802315765B0017A20A /* Generate Build */,
				3FE4FD3F231AFF6300D4B77C /* Generate Manpage */,
			);
		};
/* End PBXProject section */

/* Begin PBXReferenceProxy section */
		3FD998E3233E90B90072F4A0 /* libcapstone.a */ = {
			isa = PBXReferenceProxy;
			fileType = archive.ar;
			path = libcapstone.a;
			remoteRef = 3FD998E2233E90B90072F4A0 /* PBXContainerItemProxy */;
			sourceTree = BUILT_PRODUCTS_DIR;
		};
		3FD998E5233E90B90072F4A0 /* libcapstone.dylib */ = {
			isa = PBXReferenceProxy;
			fileType = "compiled.mach-o.dylib";
			path = libcapstone.dylib;
			remoteRef = 3FD998E4233E90B90072F4A0 /* PBXContainerItemProxy */;
			sourceTree = BUILT_PRODUCTS_DIR;
		};
		3FD998E7233E90B90072F4A0 /* Capstone.framework */ = {
			isa = PBXReferenceProxy;
			fileType = wrapper.framework;
			path = Capstone.framework;
			remoteRef = 3FD998E6233E90B90072F4A0 /* PBXContainerItemProxy */;
			sourceTree = BUILT_PRODUCTS_DIR;
		};
		3FD998E9233E90B90072F4A0 /* test */ = {
			isa = PBXReferenceProxy;
			fileType = "compiled.mach-o.executable";
			name = test;
			path = test_basic;
			remoteRef = 3FD998E8233E90B90072F4A0 /* PBXContainerItemProxy */;
			sourceTree = BUILT_PRODUCTS_DIR;
		};
		3FD998EB233E90B90072F4A0 /* test_arm */ = {
			isa = PBXReferenceProxy;
			fileType = "compiled.mach-o.executable";
			path = test_arm;
			remoteRef = 3FD998EA233E90B90072F4A0 /* PBXContainerItemProxy */;
			sourceTree = BUILT_PRODUCTS_DIR;
		};
		3FD998ED233E90B90072F4A0 /* test_arm64 */ = {
			isa = PBXReferenceProxy;
			fileType = "compiled.mach-o.executable";
			path = test_arm64;
			remoteRef = 3FD998EC233E90B90072F4A0 /* PBXContainerItemProxy */;
			sourceTree = BUILT_PRODUCTS_DIR;
		};
		3FD998EF233E90B90072F4A0 /* test_customized_mnem */ = {
			isa = PBXReferenceProxy;
			fileType = "compiled.mach-o.executable";
			path = test_customized_mnem;
			remoteRef = 3FD998EE233E90B90072F4A0 /* PBXContainerItemProxy */;
			sourceTree = BUILT_PRODUCTS_DIR;
		};
		3FD998F1233E90B90072F4A0 /* test_detail */ = {
			isa = PBXReferenceProxy;
			fileType = "compiled.mach-o.executable";
			path = test_detail;
			remoteRef = 3FD998F0233E90B90072F4A0 /* PBXContainerItemProxy */;
			sourceTree = BUILT_PRODUCTS_DIR;
		};
		3FD998F3233E90B90072F4A0 /* test_iter */ = {
			isa = PBXReferenceProxy;
			fileType = "compiled.mach-o.executable";
			path = test_iter;
			remoteRef = 3FD998F2233E90B90072F4A0 /* PBXContainerItemProxy */;
			sourceTree = BUILT_PRODUCTS_DIR;
		};
		3FD998F5233E90B90072F4A0 /* test_m68k */ = {
			isa = PBXReferenceProxy;
			fileType = "compiled.mach-o.executable";
			path = test_m68k;
			remoteRef = 3FD998F4233E90B90072F4A0 /* PBXContainerItemProxy */;
			sourceTree = BUILT_PRODUCTS_DIR;
		};
		3FD998F7233E90B90072F4A0 /* test_mips */ = {
			isa = PBXReferenceProxy;
			fileType = "compiled.mach-o.executable";
			path = test_mips;
			remoteRef = 3FD998F6233E90B90072F4A0 /* PBXContainerItemProxy */;
			sourceTree = BUILT_PRODUCTS_DIR;
		};
		3FD998F9233E90B90072F4A0 /* test_ppc */ = {
			isa = PBXReferenceProxy;
			fileType = "compiled.mach-o.executable";
			path = test_ppc;
			remoteRef = 3FD998F8233E90B90072F4A0 /* PBXContainerItemProxy */;
			sourceTree = BUILT_PRODUCTS_DIR;
		};
		3FD998FB233E90B90072F4A0 /* test_skipdata */ = {
			isa = PBXReferenceProxy;
			fileType = "compiled.mach-o.executable";
			path = test_skipdata;
			remoteRef = 3FD998FA233E90B90072F4A0 /* PBXContainerItemProxy */;
			sourceTree = BUILT_PRODUCTS_DIR;
		};
		3FD998FD233E90B90072F4A0 /* test_sparc */ = {
			isa = PBXReferenceProxy;
			fileType = "compiled.mach-o.executable";
			path = test_sparc;
			remoteRef = 3FD998FC233E90B90072F4A0 /* PBXContainerItemProxy */;
			sourceTree = BUILT_PRODUCTS_DIR;
		};
		3FD998FF233E90B90072F4A0 /* test_systemz */ = {
			isa = PBXReferenceProxy;
			fileType = "compiled.mach-o.executable";
			path = test_systemz;
			remoteRef = 3FD998FE233E90B90072F4A0 /* PBXContainerItemProxy */;
			sourceTree = BUILT_PRODUCTS_DIR;
		};
		3FD99901233E90B90072F4A0 /* test_x86 */ = {
			isa = PBXReferenceProxy;
			fileType = "compiled.mach-o.executable";
			path = test_x86;
			remoteRef = 3FD99900233E90B90072F4A0 /* PBXContainerItemProxy */;
			sourceTree = BUILT_PRODUCTS_DIR;
		};
		3FD99903233E90B90072F4A0 /* test_xcore */ = {
			isa = PBXReferenceProxy;
			fileType = "compiled.mach-o.executable";
			path = test_xcore;
			remoteRef = 3FD99902233E90B90072F4A0 /* PBXContainerItemProxy */;
			sourceTree = BUILT_PRODUCTS_DIR;
		};
/* End PBXReferenceProxy section */

/* Begin PBXShellScriptBuildPhase section */
		3F0C91FB245EE4B50038E3AD /* Generate zipped Contents */ = {
			isa = PBXShellScriptBuildPhase;
			buildActionMask = 2147483647;
			files = (
			);
			inputFileListPaths = (
			);
			inputPaths = (
			);
			name = "Generate zipped Contents";
			outputFileListPaths = (
			);
			outputPaths = (
			);
			runOnlyForDeploymentPostprocessing = 0;
			shellPath = /bin/sh;
			shellScript = "# Type a script or drag a script file from your workspace to insert its path.\nzip -r ${SRCROOT}/compiled/dsdump.zip ${SRCROOT}/compiled/dsdump \nrm -rf ${SRCROOT}/compiled/dsdump\n";
		};
		3F50D78B231577C30017A20A /* Generate SHA256 */ = {
			isa = PBXShellScriptBuildPhase;
			buildActionMask = 2147483647;
			files = (
			);
			inputFileListPaths = (
			);
			inputPaths = (
			);
			name = "Generate SHA256";
			outputFileListPaths = (
			);
			outputPaths = (
			);
			runOnlyForDeploymentPostprocessing = 0;
			shellPath = /bin/sh;
			shellScript = "# Type a script or drag a script file from your workspace to insert its path.\nSHAVAL=$(/usr/bin/shasum -a 256 ${SRCROOT}/compiled/dsdump | awk '{print $1}')\n/usr/bin/sed -i '' \"s/SHA256: .*/SHA256: $SHAVAL/g\" ${SRCROOT}/README.md\n\n/usr/bin/sed -i '' \"s/sha256 \\\".*\\\"/sha256 \\\"$SHAVAL\\\"/g\" ${SRCROOT}/dsdump.rb\n\n/usr/bin/sed -i '' \"s/SHA256: .*/SHA256: $SHAVAL/g\" ${SRCROOT}/README.md\n\n";
			showEnvVarsInLog = 0;
		};
		3FE4FD45231AFF7400D4B77C /* ShellScript */ = {
			isa = PBXShellScriptBuildPhase;
			buildActionMask = 12;
			files = (
			);
			inputFileListPaths = (
			);
			inputPaths = (
			);
			outputFileListPaths = (
			);
			outputPaths = (
			);
			runOnlyForDeploymentPostprocessing = 0;
			shellPath = /bin/sh;
			shellScript = "# Type a script or drag a script file from your workspace to insert its path.\n\n/usr/bin/groff ${SRCROOT}/dsdump/dsdump.1 -man -Tascii $(ACTION) > ./manpage_deets\nxxd -i ./manpage_deets | sed 's/\\([0-9a-f]\\)$/\\0, 0x00/' > ${SRCROOT}/dsdump/manpage.c\nrm ./manpage_deets\n";
		};
/* End PBXShellScriptBuildPhase section */

/* Begin PBXSourcesBuildPhase section */
		A66A9CB722316CF3006602AB /* Sources */ = {
			isa = PBXSourcesBuildPhase;
			buildActionMask = 2147483647;
			files = (
				3FD99918233E9D3F0072F4A0 /* XRMachOLibrary+Disassemble.mm in Sources */,
				3F40275823010DB5007B3C25 /* XRMachOLibrary+Swift.mm in Sources */,
				A66A9CCC22316EA5006602AB /* XRMachOLibrary.mm in Sources */,
				3F0C91F8245A94930038E3AD /* objc-layout.mm in Sources */,
				3F0C91E5245A82910038E3AD /* Methods.mm in Sources */,
				A66A9CC922316D7F006602AB /* miscellaneous.mm in Sources */,
				3FF9AE0822777A9500F71FA5 /* XRMachOLibrary+ObjectiveC.mm in Sources */,
				3F5F41AB226EA3A800D3DCB1 /* XRMachOLibrary+SymbolDumper.m in Sources */,
				3FEAB9D8226D0C0E00ED706A /* XRMachOLibrary+Opcode.mm in Sources */,
				3FE4FD48231B3BC600D4B77C /* manpage.c in Sources */,
				3F2FF02624593C8A004149B1 /* Properties.mm in Sources */,
				3F2FF03A245A7F7C004149B1 /* Protocols.mm in Sources */,
				3FEBCB60227C98D200D3AD07 /* DSXRLibrary+PID_Info.m in Sources */,
				3F480806227A322E0078AE76 /* XRMachOLibrary+FAT.mm in Sources */,
				A66A9CBF22316CF3006602AB /* main.m in Sources */,
				3F29124A22820A99003C2BD7 /* TaskPath.mm in Sources */,
				3F009ADA22AF695400EA38D3 /* payload.cpp in Sources */,
				3F7C9AB12295BBD50070F2B1 /* XRSymbolEntry.m in Sources */,
				3F5F41B1226EC1FC00D3DCB1 /* XRBindSymbol.m in Sources */,
				3F98C3B3225F06E900606F97 /* XRMachOLibrary+FileManagement.m in Sources */,
			);
			runOnlyForDeploymentPostprocessing = 0;
		};
/* End PBXSourcesBuildPhase section */

/* Begin PBXTargetDependency section */
		3F50D785231576730017A20A /* PBXTargetDependency */ = {
			isa = PBXTargetDependency;
			target = A66A9CBA22316CF3006602AB /* dsdump */;
			targetProxy = 3F50D784231576730017A20A /* PBXContainerItemProxy */;
		};
		3FE4FD44231AFF6C00D4B77C /* PBXTargetDependency */ = {
			isa = PBXTargetDependency;
			target = 3FE4FD3F231AFF6300D4B77C /* Generate Manpage */;
			targetProxy = 3FE4FD43231AFF6C00D4B77C /* PBXContainerItemProxy */;
		};
/* End PBXTargetDependency section */

/* Begin XCBuildConfiguration section */
		3F50D7822315765B0017A20A /* Debug */ = {
			isa = XCBuildConfiguration;
			buildSettings = {
				CODE_SIGN_STYLE = Automatic;
				PRODUCT_NAME = "$(TARGET_NAME)";
			};
			name = Debug;
		};
		3F50D7832315765B0017A20A /* Release */ = {
			isa = XCBuildConfiguration;
			buildSettings = {
				CODE_SIGN_STYLE = Automatic;
				PRODUCT_NAME = "$(TARGET_NAME)";
			};
			name = Release;
		};
		3FE4FD41231AFF6300D4B77C /* Debug */ = {
			isa = XCBuildConfiguration;
			buildSettings = {
				CODE_SIGN_STYLE = Automatic;
				PRODUCT_NAME = "$(TARGET_NAME)";
			};
			name = Debug;
		};
		3FE4FD42231AFF6300D4B77C /* Release */ = {
			isa = XCBuildConfiguration;
			buildSettings = {
				CODE_SIGN_STYLE = Automatic;
				PRODUCT_NAME = "$(TARGET_NAME)";
			};
			name = Release;
		};
		A66A9CC022316CF3006602AB /* Debug */ = {
			isa = XCBuildConfiguration;
			buildSettings = {
				ALWAYS_SEARCH_USER_PATHS = NO;
				CLANG_ANALYZER_NONNULL = YES;
				CLANG_ANALYZER_NUMBER_OBJECT_CONVERSION = YES_AGGRESSIVE;
				CLANG_CXX_LANGUAGE_STANDARD = "gnu++14";
				CLANG_CXX_LIBRARY = "libc++";
				CLANG_ENABLE_MODULES = YES;
				CLANG_ENABLE_OBJC_ARC = YES;
				CLANG_ENABLE_OBJC_WEAK = YES;
				CLANG_WARN_BLOCK_CAPTURE_AUTORELEASING = YES;
				CLANG_WARN_BOOL_CONVERSION = YES;
				CLANG_WARN_COMMA = YES;
				CLANG_WARN_CONSTANT_CONVERSION = YES;
				CLANG_WARN_DEPRECATED_OBJC_IMPLEMENTATIONS = YES;
				CLANG_WARN_DIRECT_OBJC_ISA_USAGE = YES_ERROR;
				CLANG_WARN_DOCUMENTATION_COMMENTS = YES;
				CLANG_WARN_EMPTY_BODY = YES;
				CLANG_WARN_ENUM_CONVERSION = YES;
				CLANG_WARN_INFINITE_RECURSION = YES;
				CLANG_WARN_INT_CONVERSION = YES;
				CLANG_WARN_NON_LITERAL_NULL_CONVERSION = YES;
				CLANG_WARN_OBJC_IMPLICIT_RETAIN_SELF = YES;
				CLANG_WARN_OBJC_LITERAL_CONVERSION = YES;
				CLANG_WARN_OBJC_ROOT_CLASS = YES_ERROR;
				CLANG_WARN_RANGE_LOOP_ANALYSIS = YES;
				CLANG_WARN_STRICT_PROTOTYPES = YES;
				CLANG_WARN_SUSPICIOUS_MOVE = YES;
				CLANG_WARN_UNGUARDED_AVAILABILITY = YES_AGGRESSIVE;
				CLANG_WARN_UNREACHABLE_CODE = YES;
				CLANG_WARN__DUPLICATE_METHOD_MATCH = YES;
				CODE_SIGN_IDENTITY = "Mac Developer";
				COPY_PHASE_STRIP = NO;
				DEBUG_INFORMATION_FORMAT = dwarf;
				ENABLE_STRICT_OBJC_MSGSEND = YES;
				ENABLE_TESTABILITY = YES;
				GCC_C_LANGUAGE_STANDARD = gnu11;
				GCC_DYNAMIC_NO_PIC = NO;
				GCC_NO_COMMON_BLOCKS = YES;
				GCC_OPTIMIZATION_LEVEL = 0;
				GCC_PREPROCESSOR_DEFINITIONS = (
					"DEBUG=1",
					"$(inherited)",
				);
				GCC_WARN_64_TO_32_BIT_CONVERSION = YES;
				GCC_WARN_ABOUT_RETURN_TYPE = YES_ERROR;
				GCC_WARN_UNDECLARED_SELECTOR = YES;
				GCC_WARN_UNINITIALIZED_AUTOS = YES_AGGRESSIVE;
				GCC_WARN_UNUSED_FUNCTION = YES;
				GCC_WARN_UNUSED_VARIABLE = YES;
				MACOSX_DEPLOYMENT_TARGET = 10.14;
				MTL_ENABLE_DEBUG_INFO = INCLUDE_SOURCE;
				MTL_FAST_MATH = YES;
				ONLY_ACTIVE_ARCH = YES;
				SDKROOT = macosx;
			};
			name = Debug;
		};
		A66A9CC122316CF3006602AB /* Release */ = {
			isa = XCBuildConfiguration;
			buildSettings = {
				ALWAYS_SEARCH_USER_PATHS = NO;
				CLANG_ANALYZER_NONNULL = YES;
				CLANG_ANALYZER_NUMBER_OBJECT_CONVERSION = YES_AGGRESSIVE;
				CLANG_CXX_LANGUAGE_STANDARD = "gnu++14";
				CLANG_CXX_LIBRARY = "libc++";
				CLANG_ENABLE_MODULES = YES;
				CLANG_ENABLE_OBJC_ARC = YES;
				CLANG_ENABLE_OBJC_WEAK = YES;
				CLANG_WARN_BLOCK_CAPTURE_AUTORELEASING = YES;
				CLANG_WARN_BOOL_CONVERSION = YES;
				CLANG_WARN_COMMA = YES;
				CLANG_WARN_CONSTANT_CONVERSION = YES;
				CLANG_WARN_DEPRECATED_OBJC_IMPLEMENTATIONS = YES;
				CLANG_WARN_DIRECT_OBJC_ISA_USAGE = YES_ERROR;
				CLANG_WARN_DOCUMENTATION_COMMENTS = YES;
				CLANG_WARN_EMPTY_BODY = YES;
				CLANG_WARN_ENUM_CONVERSION = YES;
				CLANG_WARN_INFINITE_RECURSION = YES;
				CLANG_WARN_INT_CONVERSION = YES;
				CLANG_WARN_NON_LITERAL_NULL_CONVERSION = YES;
				CLANG_WARN_OBJC_IMPLICIT_RETAIN_SELF = YES;
				CLANG_WARN_OBJC_LITERAL_CONVERSION = YES;
				CLANG_WARN_OBJC_ROOT_CLASS = YES_ERROR;
				CLANG_WARN_RANGE_LOOP_ANALYSIS = YES;
				CLANG_WARN_STRICT_PROTOTYPES = YES;
				CLANG_WARN_SUSPICIOUS_MOVE = YES;
				CLANG_WARN_UNGUARDED_AVAILABILITY = YES_AGGRESSIVE;
				CLANG_WARN_UNREACHABLE_CODE = YES;
				CLANG_WARN__DUPLICATE_METHOD_MATCH = YES;
				CODE_SIGN_IDENTITY = "Mac Developer";
				COPY_PHASE_STRIP = NO;
				DEBUG_INFORMATION_FORMAT = "dwarf-with-dsym";
				ENABLE_NS_ASSERTIONS = NO;
				ENABLE_STRICT_OBJC_MSGSEND = YES;
				GCC_C_LANGUAGE_STANDARD = gnu11;
				GCC_NO_COMMON_BLOCKS = YES;
				GCC_WARN_64_TO_32_BIT_CONVERSION = YES;
				GCC_WARN_ABOUT_RETURN_TYPE = YES_ERROR;
				GCC_WARN_UNDECLARED_SELECTOR = YES;
				GCC_WARN_UNINITIALIZED_AUTOS = YES_AGGRESSIVE;
				GCC_WARN_UNUSED_FUNCTION = YES;
				GCC_WARN_UNUSED_VARIABLE = YES;
				MACOSX_DEPLOYMENT_TARGET = 10.14;
				MTL_ENABLE_DEBUG_INFO = NO;
				MTL_FAST_MATH = YES;
				SDKROOT = macosx;
				SWIFT_COMPILATION_MODE = wholemodule;
			};
			name = Release;
		};
		A66A9CC322316CF3006602AB /* Debug */ = {
			isa = XCBuildConfiguration;
			buildSettings = {
				CLANG_ENABLE_MODULES = YES;
				CODE_SIGN_IDENTITY = "-";
				CODE_SIGN_STYLE = Automatic;
				DEVELOPMENT_TEAM = H4U46V6494;
				GCC_PREPROCESSOR_DEFINITIONS = (
					"DEBUG=1",
					"$(inherited)",
					"DEBUG_VERBOSE=1",
				);
				GCC_PREPROCESSOR_DEFINITIONS_NOT_USED_IN_PRECOMPS = "";
				HEADER_SEARCH_PATHS = (
					"\"$(SRCROOT)/swift-source/swift/include\"",
					"\"$(SRCROOT)/swift-source/llvm/include/\"",
					"\"$(SRCROOT)/fix_swift\"",
				);
				LD_NO_PIE = YES;
				LD_RUNPATH_SEARCH_PATHS = (
					"$(inherited)",
					"@executable_path/../Frameworks",
					"@loader_path/../Frameworks",
				);
				LIBRARY_SEARCH_PATHS = (
					"$(inherited)",
					"$(PROJECT_DIR)/dsdump",
				);
				ONLY_ACTIVE_ARCH = YES;
				OTHER_LDFLAGS = "-lncurses";
				PRODUCT_NAME = "$(TARGET_NAME)";
				SWIFT_OPTIMIZATION_LEVEL = "-Onone";
				SWIFT_VERSION = 5.0;
				VALID_ARCHS = "i386 x86_64";
			};
			name = Debug;
		};
		A66A9CC422316CF3006602AB /* Release */ = {
			isa = XCBuildConfiguration;
			buildSettings = {
				CLANG_ENABLE_MODULES = YES;
				CODE_SIGN_IDENTITY = "-";
				CODE_SIGN_STYLE = Automatic;
				DEVELOPMENT_TEAM = H4U46V6494;
				GCC_PREPROCESSOR_DEFINITIONS_NOT_USED_IN_PRECOMPS = "";
				HEADER_SEARCH_PATHS = (
					"\"$(SRCROOT)/swift-source/swift/include\"",
					"\"$(SRCROOT)/swift-source/llvm/include/\"",
					"\"$(SRCROOT)/fix_swift\"",
				);
				LD_NO_PIE = YES;
				LD_RUNPATH_SEARCH_PATHS = (
					"$(inherited)",
					"@executable_path/../Frameworks",
					"@loader_path/../Frameworks",
				);
				LIBRARY_SEARCH_PATHS = (
					"$(inherited)",
					"$(PROJECT_DIR)/dsdump",
				);
				ONLY_ACTIVE_ARCH = YES;
				OTHER_LDFLAGS = "-lncurses";
				PRODUCT_NAME = "$(TARGET_NAME)";
				SWIFT_VERSION = 5.0;
				VALID_ARCHS = "i386 x86_64";
			};
			name = Release;
		};
/* End XCBuildConfiguration section */

/* Begin XCConfigurationList section */
		3F50D7812315765B0017A20A /* Build configuration list for PBXAggregateTarget "Generate Build" */ = {
			isa = XCConfigurationList;
			buildConfigurations = (
				3F50D7822315765B0017A20A /* Debug */,
				3F50D7832315765B0017A20A /* Release */,
			);
			defaultConfigurationIsVisible = 0;
			defaultConfigurationName = Release;
		};
		3FE4FD40231AFF6300D4B77C /* Build configuration list for PBXAggregateTarget "Generate Manpage" */ = {
			isa = XCConfigurationList;
			buildConfigurations = (
				3FE4FD41231AFF6300D4B77C /* Debug */,
				3FE4FD42231AFF6300D4B77C /* Release */,
			);
			defaultConfigurationIsVisible = 0;
			defaultConfigurationName = Release;
		};
		A66A9CB622316CF3006602AB /* Build configuration list for PBXProject "dsdump" */ = {
			isa = XCConfigurationList;
			buildConfigurations = (
				A66A9CC022316CF3006602AB /* Debug */,
				A66A9CC122316CF3006602AB /* Release */,
			);
			defaultConfigurationIsVisible = 0;
			defaultConfigurationName = Release;
		};
		A66A9CC222316CF3006602AB /* Build configuration list for PBXNativeTarget "dsdump" */ = {
			isa = XCConfigurationList;
			buildConfigurations = (
				A66A9CC322316CF3006602AB /* Debug */,
				A66A9CC422316CF3006602AB /* Release */,
			);
			defaultConfigurationIsVisible = 0;
			defaultConfigurationName = Release;
		};
/* End XCConfigurationList section */
	};
	rootObject = A66A9CB322316CF3006602AB /* Project object */;
}
